// !$*UTF8*$!
{
	archiveVersion = 1;
	classes = {
	};
	objectVersion = 50;
	objects = {

/* Begin PBXBuildFile section */
		2A3A091B20D28F6B00E9C5AA /* AppDelegate.swift in Sources */ = {isa = PBXBuildFile; fileRef = 2A3A091A20D28F6B00E9C5AA /* AppDelegate.swift */; };
		2A3A091D20D28F6B00E9C5AA /* ViewController.swift in Sources */ = {isa = PBXBuildFile; fileRef = 2A3A091C20D28F6B00E9C5AA /* ViewController.swift */; };
		2A3A092020D28F6B00E9C5AA /* Main.storyboard in Resources */ = {isa = PBXBuildFile; fileRef = 2A3A091E20D28F6B00E9C5AA /* Main.storyboard */; };
		2A3A092220D28F6C00E9C5AA /* Assets.xcassets in Resources */ = {isa = PBXBuildFile; fileRef = 2A3A092120D28F6C00E9C5AA /* Assets.xcassets */; };
		2A3A092520D28F6C00E9C5AA /* LaunchScreen.storyboard in Resources */ = {isa = PBXBuildFile; fileRef = 2A3A092320D28F6C00E9C5AA /* LaunchScreen.storyboard */; };
/* End PBXBuildFile section */

/* Begin PBXFileReference section */
		2A3A091720D28F6B00E9C5AA /* AutoLayout_ChallengeClass8.app */ = {isa = PBXFileReference; explicitFileType = wrapper.application; includeInIndex = 0; path = AutoLayout_ChallengeClass8.app; sourceTree = BUILT_PRODUCTS_DIR; };
		2A3A091A20D28F6B00E9C5AA /* AppDelegate.swift */ = {isa = PBXFileReference; lastKnownFileType = sourcecode.swift; path = AppDelegate.swift; sourceTree = "<group>"; };
		2A3A091C20D28F6B00E9C5AA /* ViewController.swift */ = {isa = PBXFileReference; lastKnownFileType = sourcecode.swift; path = ViewController.swift; sourceTree = "<group>"; };
		2A3A091F20D28F6B00E9C5AA /* Base */ = {isa = PBXFileReference; lastKnownFileType = file.storyboard; name = Base; path = Base.lproj/Main.storyboard; sourceTree = "<group>"; };
		2A3A092120D28F6C00E9C5AA /* Assets.xcassets */ = {isa = PBXFileReference; lastKnownFileType = folder.assetcatalog; path = Assets.xcassets; sourceTree = "<group>"; };
		2A3A092420D28F6C00E9C5AA /* Base */ = {isa = PBXFileReference; lastKnownFileType = file.storyboard; name = Base; path = Base.lproj/LaunchScreen.storyboard; sourceTree = "<group>"; };
		2A3A092620D28F6C00E9C5AA /* Info.plist */ = {isa = PBXFileReference; lastKnownFileType = text.plist.xml; path = Info.plist; sourceTree = "<group>"; };
/* End PBXFileReference section */

/* Begin PBXFrameworksBuildPhase section */
		2A3A091420D28F6B00E9C5AA /* Frameworks */ = {
			isa = PBXFrameworksBuildPhase;
			buildActionMask = 2147483647;
			files = (
			);
			runOnlyForDeploymentPostprocessing = 0;
		};
/* End PBXFrameworksBuildPhase section */

/* Begin PBXGroup section */
		2A3A090E20D28F6B00E9C5AA = {
			isa = PBXGroup;
			children = (
				2A3A091920D28F6B00E9C5AA /* AutoLayout_ChallengeClass8 */,
				2A3A091820D28F6B00E9C5AA /* Products */,
			);
			sourceTree = "<group>";
		};
		2A3A091820D28F6B00E9C5AA /* Products */ = {
			isa = PBXGroup;
			children = (
				2A3A091720D28F6B00E9C5AA /* AutoLayout_ChallengeClass8.app */,
			);
			name = Products;
			sourceTree = "<group>";
		};
		2A3A091920D28F6B00E9C5AA /* AutoLayout_ChallengeClass8 */ = {
			isa = PBXGroup;
			children = (
				2A3A091A20D28F6B00E9C5AA /* AppDelegate.swift */,
				2A3A091C20D28F6B00E9C5AA /* ViewController.swift */,
				2A3A091E20D28F6B00E9C5AA /* Main.storyboard */,
				2A3A092120D28F6C00E9C5AA /* Assets.xcassets */,
				2A3A092320D28F6C00E9C5AA /* LaunchScreen.storyboard */,
				2A3A092620D28F6C00E9C5AA /* Info.plist */,
			);
			path = AutoLayout_ChallengeClass8;
			sourceTree = "<group>";
		};
/* End PBXGroup section */

/* Begin PBXNativeTarget section */
		2A3A091620D28F6B00E9C5AA /* AutoLayout_ChallengeClass8 */ = {
			isa = PBXNativeTarget;
			buildConfigurationList = 2A3A092920D28F6C00E9C5AA /* Build configuration list for PBXNativeTarget "AutoLayout_ChallengeClass8" */;
			buildPhases = (
				2A3A091320D28F6B00E9C5AA /* Sources */,
				2A3A091420D28F6B00E9C5AA /* Frameworks */,
				2A3A091520D28F6B00E9C5AA /* Resources */,
			);
			buildRules = (
			);
			dependencies = (
			);
			name = AutoLayout_ChallengeClass8;
			productName = AutoLayout_ChallengeClass8;
			productReference = 2A3A091720D28F6B00E9C5AA /* AutoLayout_ChallengeClass8.app */;
			productType = "com.apple.product-type.application";
		};
/* End PBXNativeTarget section */

/* Begin PBXProject section */
		2A3A090F20D28F6B00E9C5AA /* Project object */ = {
			isa = PBXProject;
			attributes = {
				LastSwiftUpdateCheck = 0930;
				LastUpgradeCheck = 0930;
				ORGANIZATIONNAME = "Manuel Alexander Garcia Napa";
				TargetAttributes = {
					2A3A091620D28F6B00E9C5AA = {
						CreatedOnToolsVersion = 9.3;
					};
				};
			};
			buildConfigurationList = 2A3A091220D28F6B00E9C5AA /* Build configuration list for PBXProject "AutoLayout_ChallengeClass8" */;
			compatibilityVersion = "Xcode 9.3";
			developmentRegion = en;
			hasScannedForEncodings = 0;
			knownRegions = (
				en,
				Base,
			);
			mainGroup = 2A3A090E20D28F6B00E9C5AA;
			productRefGroup = 2A3A091820D28F6B00E9C5AA /* Products */;
			projectDirPath = "";
			projectRoot = "";
			targets = (
				2A3A091620D28F6B00E9C5AA /* AutoLayout_ChallengeClass8 */,
			);
		};
/* End PBXProject section */

/* Begin PBXResourcesBuildPhase section */
		2A3A091520D28F6B00E9C5AA /* Resources */ = {
			isa = PBXResourcesBuildPhase;
			buildActionMask = 2147483647;
			files = (
				2A3A092520D28F6C00E9C5AA /* LaunchScreen.storyboard in Resources */,
				2A3A092220D28F6C00E9C5AA /* Assets.xcassets in Resources */,
				2A3A092020D28F6B00E9C5AA /* Main.storyboard in Resources */,
			);
			runOnlyForDeploymentPostprocessing = 0;
		};
/* End PBXResourcesBuildPhase section */

/* Begin PBXSourcesBuildPhase section */
		2A3A091320D28F6B00E9C5AA /* Sources */ = {
			isa = PBXSourcesBuildPhase;
			buildActionMask = 2147483647;
			files = (
				2A3A091D20D28F6B00E9C5AA /* ViewController.swift in Sources */,
				2A3A091B20D28F6B00E9C5AA /* AppDelegate.swift in Sources */,
			);
			runOnlyForDeploymentPostprocessing = 0;
		};
/* End PBXSourcesBuildPhase section */

/* Begin PBXVariantGroup section */
		2A3A091E20D28F6B00E9C5AA /* Main.storyboard */ = {
			isa = PBXVariantGroup;
			children = (
				2A3A091F20D28F6B00E9C5AA /* Base */,
			);
			name = Main.storyboard;
			sourceTree = "<group>";
		};
		2A3A092320D28F6C00E9C5AA /* LaunchScreen.storyboard */ = {
			isa = PBXVariantGroup;
			children = (
				2A3A092420D28F6C00E9C5AA /* Base */,
			);
			name = LaunchScreen.storyboard;
			sourceTree = "<group>";
		};
/* End PBXVariantGroup section */

/* Begin XCBuildConfiguration section */
		2A3A092720D28F6C00E9C5AA /* Debug */ = {
			isa = XCBuildConfiguration;
			buildSettings = {
				ALWAYS_SEARCH_USER_PATHS = NO;
				CLANG_ANALYZER_NONNULL = YES;
				CLANG_ANALYZER_NUMBER_OBJECT_CONVERSION = YES_AGGRESSIVE;
				CLANG_CXX_LANGUAGE_STANDARD = "gnu++14";
				CLANG_CXX_LIBRARY = "libc++";
				CLANG_ENABLE_MODULES = YES;
				CLANG_ENABLE_OBJC_ARC = YES;
				CLANG_ENABLE_OBJC_WEAK = YES;
				CLANG_WARN_BLOCK_CAPTURE_AUTORELEASING = YES;
				CLANG_WARN_BOOL_CONVERSION = YES;
				CLANG_WARN_COMMA = YES;
				CLANG_WARN_CONSTANT_CONVERSION = YES;
				CLANG_WARN_DEPRECATED_OBJC_IMPLEMENTATIONS = YES;
				CLANG_WARN_DIRECT_OBJC_ISA_USAGE = YES_ERROR;
				CLANG_WARN_DOCUMENTATION_COMMENTS = YES;
				CLANG_WARN_EMPTY_BODY = YES;
				CLANG_WARN_ENUM_CONVERSION = YES;
				CLANG_WARN_INFINITE_RECURSION = YES;
				CLANG_WARN_INT_CONVERSION = YES;
				CLANG_WARN_NON_LITERAL_NULL_CONVERSION = YES;
				CLANG_WARN_OBJC_IMPLICIT_RETAIN_SELF = YES;
				CLANG_WARN_OBJC_LITERAL_CONVERSION = YES;
				CLANG_WARN_OBJC_ROOT_CLASS = YES_ERROR;
				CLANG_WARN_RANGE_LOOP_ANALYSIS = YES;
				CLANG_WARN_STRICT_PROTOTYPES = YES;
				CLANG_WARN_SUSPICIOUS_MOVE = YES;
				CLANG_WARN_UNGUARDED_AVAILABILITY = YES_AGGRESSIVE;
				CLANG_WARN_UNREACHABLE_CODE = YES;
				CLANG_WARN__DUPLICATE_METHOD_MATCH = YES;
				CODE_SIGN_IDENTITY = "iPhone Developer";
				COPY_PHASE_STRIP = NO;
				DEBUG_INFORMATION_FORMAT = dwarf;
				ENABLE_STRICT_OBJC_MSGSEND = YES;
				ENABLE_TESTABILITY = YES;
				GCC_C_LANGUAGE_STANDARD = gnu11;
				GCC_DYNAMIC_NO_PIC = NO;
				GCC_NO_COMMON_BLOCKS = YES;
				GCC_OPTIMIZATION_LEVEL = 0;
				GCC_PREPROCESSOR_DEFINITIONS = (
					"DEBUG=1",
					"$(inherited)",
				);
				GCC_WARN_64_TO_32_BIT_CONVERSION = YES;
				GCC_WARN_ABOUT_RETURN_TYPE = YES_ERROR;
				GCC_WARN_UNDECLARED_SELECTOR = YES;
				GCC_WARN_UNINITIALIZED_AUTOS = YES_AGGRESSIVE;
				GCC_WARN_UNUSED_FUNCTION = YES;
				GCC_WARN_UNUSED_VARIABLE = YES;
				IPHONEOS_DEPLOYMENT_TARGET = 11.3;
				MTL_ENABLE_DEBUG_INFO = YES;
				ONLY_ACTIVE_ARCH = YES;
				SDKROOT = iphoneos;
				SWIFT_ACTIVE_COMPILATION_CONDITIONS = DEBUG;
				SWIFT_OPTIMIZATION_LEVEL = "-Onone";
			};
			name = Debug;
		};
		2A3A092820D28F6C00E9C5AA /* Release */ = {
			isa = XCBuildConfiguration;
			buildSettings = {
				ALWAYS_SEARCH_USER_PATHS = NO;
				CLANG_ANALYZER_NONNULL = YES;
				CLANG_ANALYZER_NUMBER_OBJECT_CONVERSION = YES_AGGRESSIVE;
				CLANG_CXX_LANGUAGE_STANDARD = "gnu++14";
				CLANG_CXX_LIBRARY = "libc++";
				CLANG_ENABLE_MODULES = YES;
				CLANG_ENABLE_OBJC_ARC = YES;
				CLANG_ENABLE_OBJC_WEAK = YES;
				CLANG_WARN_BLOCK_CAPTURE_AUTORELEASING = YES;
				CLANG_WARN_BOOL_CONVERSION = YES;
				CLANG_WARN_COMMA = YES;
				CLANG_WARN_CONSTANT_CONVERSION = YES;
				CLANG_WARN_DEPRECATED_OBJC_IMPLEMENTATIONS = YES;
				CLANG_WARN_DIRECT_OBJC_ISA_USAGE = YES_ERROR;
				CLANG_WARN_DOCUMENTATION_COMMENTS = YES;
				CLANG_WARN_EMPTY_BODY = YES;
				CLANG_WARN_ENUM_CONVERSION = YES;
				CLANG_WARN_INFINITE_RECURSION = YES;
				CLANG_WARN_INT_CONVERSION = YES;
				CLANG_WARN_NON_LITERAL_NULL_CONVERSION = YES;
				CLANG_WARN_OBJC_IMPLICIT_RETAIN_SELF = YES;
				CLANG_WARN_OBJC_LITERAL_CONVERSION = YES;
				CLANG_WARN_OBJC_ROOT_CLASS = YES_ERROR;
				CLANG_WARN_RANGE_LOOP_ANALYSIS = YES;
				CLANG_WARN_STRICT_PROTOTYPES = YES;
				CLANG_WARN_SUSPICIOUS_MOVE = YES;
				CLANG_WARN_UNGUARDED_AVAILABILITY = YES_AGGRESSIVE;
				CLANG_WARN_UNREACHABLE_CODE = YES;
				CLANG_WARN__DUPLICATE_METHOD_MATCH = YES;
				CODE_SIGN_IDENTITY = "iPhone Developer";
				COPY_PHASE_STRIP = NO;
				DEBUG_INFORMATION_FORMAT = "dwarf-with-dsym";
				ENABLE_NS_ASSERTIONS = NO;
				ENABLE_STRICT_OBJC_MSGSEND = YES;
				GCC_C_LANGUAGE_STANDARD = gnu11;
				GCC_NO_COMMON_BLOCKS = YES;
				GCC_WARN_64_TO_32_BIT_CONVERSION = YES;
				GCC_WARN_ABOUT_RETURN_TYPE = YES_ERROR;
				GCC_WARN_UNDECLARED_SELECTOR = YES;
				GCC_WARN_UNINITIALIZED_AUTOS = YES_AGGRESSIVE;
				GCC_WARN_UNUSED_FUNCTION = YES;
				GCC_WARN_UNUSED_VARIABLE = YES;
				IPHONEOS_DEPLOYMENT_TARGET = 11.3;
				MTL_ENABLE_DEBUG_INFO = NO;
				SDKROOT = iphoneos;
				SWIFT_COMPILATION_MODE = wholemodule;
				SWIFT_OPTIMIZATION_LEVEL = "-O";
				VALIDATE_PRODUCT = YES;
			};
			name = Release;
		};
		2A3A092A20D28F6C00E9C5AA /* Debug */ = {
			isa = XCBuildConfiguration;
			buildSettings = {
				ASSETCATALOG_COMPILER_APPICON_NAME = AppIcon;
				CODE_SIGN_STYLE = Automatic;
				INFOPLIST_FILE = AutoLayout_ChallengeClass8/Info.plist;
				LD_RUNPATH_SEARCH_PATHS = (
					"$(inherited)",
					"@executable_path/Frameworks",
				);
				PRODUCT_BUNDLE_IDENTIFIER = "com.chalc8c.manuelgarcia.AutoLayout-ChallengeClass8";
				PRODUCT_NAME = "$(TARGET_NAME)";
				SWIFT_VERSION = 4.0;
				TARGETED_DEVICE_FAMILY = "1,2";
			};
			name = Debug;
		};
		2A3A092B20D28F6C00E9C5AA /* Release */ = {
			isa = XCBuildConfiguration;
			buildSettings = {
				ASSETCATALOG_COMPILER_APPICON_NAME = AppIcon;
				CODE_SIGN_STYLE = Automatic;
				INFOPLIST_FILE = AutoLayout_ChallengeClass8/Info.plist;
				LD_RUNPATH_SEARCH_PATHS = (
					"$(inherited)",
					"@executable_path/Frameworks",
				);
				PRODUCT_BUNDLE_IDENTIFIER = "com.chalc8c.manuelgarcia.AutoLayout-ChallengeClass8";
				PRODUCT_NAME = "$(TARGET_NAME)";
				SWIFT_VERSION = 4.0;
				TARGETED_DEVICE_FAMILY = "1,2";
			};
			name = Release;
		};
/* End XCBuildConfiguration section */

/* Begin XCConfigurationList section */
		2A3A091220D28F6B00E9C5AA /* Build configuration list for PBXProject "AutoLayout_ChallengeClass8" */ = {
			isa = XCConfigurationList;
			buildConfigurations = (
				2A3A092720D28F6C00E9C5AA /* Debug */,
				2A3A092820D28F6C00E9C5AA /* Release */,
			);
			defaultConfigurationIsVisible = 0;
			defaultConfigurationName = Release;
		};
		2A3A092920D28F6C00E9C5AA /* Build configuration list for PBXNativeTarget "AutoLayout_ChallengeClass8" */ = {
			isa = XCConfigurationList;
			buildConfigurations = (
				2A3A092A20D28F6C00E9C5AA /* Debug */,
				2A3A092B20D28F6C00E9C5AA /* Release */,
			);
			defaultConfigurationIsVisible = 0;
			defaultConfigurationName = Release;
		};
/* End XCConfigurationList section */
	};
	rootObject = 2A3A090F20D28F6B00E9C5AA /* Project object */;
}
